
Microsoft Visual Studio Solution File, Format Version 12.00
Project("{FAE04EC0-301F-11D3-BF4B-00C04F79EFBC}") = "VigenereCipher", "VigenereCipher\VigenereCipher.csproj", "{8999B8DD-A118-4AAB-97DD-3A567B8AB435}"
EndProject
Project("{FAE04EC0-301F-11D3-BF4B-00C04F79EFBC}") = "VigenereCipherTest", "VigenereCipherTest\VigenereCipherTest.csproj", "{CCB3A66F-0981-4310-A868-A47D1991A63D}"
EndProject
Global
	GlobalSection(SolutionConfigurationPlatforms) = preSolution
		Debug|Any CPU = Debug|Any CPU
		Release|Any CPU = Release|Any CPU
	EndGlobalSection
	GlobalSection(ProjectConfigurationPlatforms) = postSolution
		{8999B8DD-A118-4AAB-97DD-3A567B8AB435}.Debug|Any CPU.ActiveCfg = Debug|Any CPU
		{8999B8DD-A118-4AAB-97DD-3A567B8AB435}.Debug|Any CPU.Build.0 = Debug|Any CPU
		{8999B8DD-A118-4AAB-97DD-3A567B8AB435}.Release|Any CPU.ActiveCfg = Release|Any CPU
		{8999B8DD-A118-4AAB-97DD-3A567B8AB435}.Release|Any CPU.Build.0 = Release|Any CPU
		{CCB3A66F-0981-4310-A868-A47D1991A63D}.Debug|Any CPU.ActiveCfg = Debug|Any CPU
		{CCB3A66F-0981-4310-A868-A47D1991A63D}.Debug|Any CPU.Build.0 = Debug|Any CPU
		{CCB3A66F-0981-4310-A868-A47D1991A63D}.Release|Any CPU.ActiveCfg = Release|Any CPU
		{CCB3A66F-0981-4310-A868-A47D1991A63D}.Release|Any CPU.Build.0 = Release|Any CPU
	EndGlobalSection
EndGlobal
